
Microsoft Visual Studio Solution File, Format Version 12.00
# Visual Studio Version 16
VisualStudioVersion = 16.0.31702.278
MinimumVisualStudioVersion = 10.0.40219.1
Project("{FAE04EC0-301F-11D3-BF4B-00C04F79EFBC}") = "appHerencia", "appHerencia\appHerencia.csproj", "{A8255F1B-0ED4-43A3-A6D9-103734959C9A}"
EndProject
Global
	GlobalSection(SolutionConfigurationPlatforms) = preSolution
		Debug|Any CPU = Debug|Any CPU
		Release|Any CPU = Release|Any CPU
	EndGlobalSection
	GlobalSection(ProjectConfigurationPlatforms) = postSolution
		{A8255F1B-0ED4-43A3-A6D9-103734959C9A}.Debug|Any CPU.ActiveCfg = Debug|Any CPU
		{A8255F1B-0ED4-43A3-A6D9-103734959C9A}.Debug|Any CPU.Build.0 = Debug|Any CPU
		{A8255F1B-0ED4-43A3-A6D9-103734959C9A}.Release|Any CPU.ActiveCfg = Release|Any CPU
		{A8255F1B-0ED4-43A3-A6D9-103734959C9A}.Release|Any CPU.Build.0 = Release|Any CPU
	EndGlobalSection
	GlobalSection(SolutionProperties) = preSolution
		HideSolutionNode = FALSE
	EndGlobalSection
	GlobalSection(ExtensibilityGlobals) = postSolution
		SolutionGuid = {6CCCC63C-EA8F-47C7-A5F3-015AE4044C31}
	EndGlobalSection
EndGlobal
